// !$*UTF8*$!
{
	archiveVersion = 1;
	classes = {
	};
	objectVersion = 46;
	objects = {

/* Begin PBXBuildFile section */
		29B0FBA01A7B7E2D0052B1EF /* main.cpp in Sources */ = {isa = PBXBuildFile; fileRef = 29B0FB9F1A7B7E2D0052B1EF /* main.cpp */; };
/* End PBXBuildFile section */

/* Begin PBXCopyFilesBuildPhase section */
		29B0FB9A1A7B7E2D0052B1EF /* CopyFiles */ = {
			isa = PBXCopyFilesBuildPhase;
			buildActionMask = 2147483647;
			dstPath = /usr/share/man/man1/;
			dstSubfolderSpec = 0;
			files = (
			);
			runOnlyForDeploymentPostprocessing = 1;
		};
/* End PBXCopyFilesBuildPhase section */

/* Begin PBXFileReference section */
		29B0FB9C1A7B7E2D0052B1EF /* TestStack */ = {isa = PBXFileReference; explicitFileType = "compiled.mach-o.executable"; includeInIndex = 0; path = TestStack; sourceTree = BUILT_PRODUCTS_DIR; };
		29B0FB9F1A7B7E2D0052B1EF /* main.cpp */ = {isa = PBXFileReference; lastKnownFileType = sourcecode.cpp.cpp; path = main.cpp; sourceTree = "<group>"; };
/* End PBXFileReference section */

/* Begin PBXFrameworksBuildPhase section */
		29B0FB991A7B7E2D0052B1EF /* Frameworks */ = {
			isa = PBXFrameworksBuildPhase;
			buildActionMask = 2147483647;
			files = (
			);
			runOnlyForDeploymentPostprocessing = 0;
		};
/* End PBXFrameworksBuildPhase section */

/* Begin PBXGroup section */
		29B0FB931A7B7E2D0052B1EF = {
			isa = PBXGroup;
			children = (
				29B0FB9E1A7B7E2D0052B1EF /* TestStack */,
				29B0FB9D1A7B7E2D0052B1EF /* Products */,
			);
			sourceTree = "<group>";
		};
		29B0FB9D1A7B7E2D0052B1EF /* Products */ = {
			isa = PBXGroup;
			children = (
				29B0FB9C1A7B7E2D0052B1EF /* TestStack */,
			);
			name = Products;
			sourceTree = "<group>";
		};
		29B0FB9E1A7B7E2D0052B1EF /* TestStack */ = {
			isa = PBXGroup;
			children = (
				29B0FB9F1A7B7E2D0052B1EF /* main.cpp */,
			);
			path = TestStack;
			sourceTree = "<group>";
		};
/* End PBXGroup section */

/* Begin PBXNativeTarget section */
		29B0FB9B1A7B7E2D0052B1EF /* TestStack */ = {
			isa = PBXNativeTarget;
			buildConfigurationList = 29B0FBA31A7B7E2D0052B1EF /* Build configuration list for PBXNativeTarget "TestStack" */;
			buildPhases = (
				29B0FB981A7B7E2D0052B1EF /* Sources */,
				29B0FB991A7B7E2D0052B1EF /* Frameworks */,
				29B0FB9A1A7B7E2D0052B1EF /* CopyFiles */,
			);
			buildRules = (
			);
			dependencies = (
			);
			name = TestStack;
			productName = TestStack;
			productReference = 29B0FB9C1A7B7E2D0052B1EF /* TestStack */;
			productType = "com.apple.product-type.tool";
		};
/* End PBXNativeTarget section */

/* Begin PBXProject section */
		29B0FB941A7B7E2D0052B1EF /* Project object */ = {
			isa = PBXProject;
			attributes = {
				LastUpgradeCheck = 0610;
				ORGANIZATIONNAME = "Lin, Forrest";
				TargetAttributes = {
					29B0FB9B1A7B7E2D0052B1EF = {
						CreatedOnToolsVersion = 6.1.1;
					};
				};
			};
			buildConfigurationList = 29B0FB971A7B7E2D0052B1EF /* Build configuration list for PBXProject "TestStack" */;
			compatibilityVersion = "Xcode 3.2";
			developmentRegion = English;
			hasScannedForEncodings = 0;
			knownRegions = (
				en,
			);
			mainGroup = 29B0FB931A7B7E2D0052B1EF;
			productRefGroup = 29B0FB9D1A7B7E2D0052B1EF /* Products */;
			projectDirPath = "";
			projectRoot = "";
			targets = (
				29B0FB9B1A7B7E2D0052B1EF /* TestStack */,
			);
		};
/* End PBXProject section */

/* Begin PBXSourcesBuildPhase section */
		29B0FB981A7B7E2D0052B1EF /* Sources */ = {
			isa = PBXSourcesBuildPhase;
			buildActionMask = 2147483647;
			files = (
				29B0FBA01A7B7E2D0052B1EF /* main.cpp in Sources */,
			);
			runOnlyForDeploymentPostprocessing = 0;
		};
/* End PBXSourcesBuildPhase section */

/* Begin XCBuildConfiguration section */
		29B0FBA11A7B7E2D0052B1EF /* Debug */ = {
			isa = XCBuildConfiguration;
			buildSettings = {
				ALWAYS_SEARCH_USER_PATHS = NO;
				CLANG_CXX_LANGUAGE_STANDARD = "gnu++0x";
				CLANG_CXX_LIBRARY = "libc++";
				CLANG_ENABLE_MODULES = YES;
				CLANG_ENABLE_OBJC_ARC = YES;
				CLANG_WARN_BOOL_CONVERSION = YES;
				CLANG_WARN_CONSTANT_CONVERSION = YES;
				CLANG_WARN_DIRECT_OBJC_ISA_USAGE = YES_ERROR;
				CLANG_WARN_EMPTY_BODY = YES;
				CLANG_WARN_ENUM_CONVERSION = YES;
				CLANG_WARN_INT_CONVERSION = YES;
				CLANG_WARN_OBJC_ROOT_CLASS = YES_ERROR;
				CLANG_WARN_UNREACHABLE_CODE = YES;
				CLANG_WARN__DUPLICATE_METHOD_MATCH = YES;
				COPY_PHASE_STRIP = NO;
				ENABLE_STRICT_OBJC_MSGSEND = YES;
				GCC_C_LANGUAGE_STANDARD = gnu99;
				GCC_DYNAMIC_NO_PIC = NO;
				GCC_OPTIMIZATION_LEVEL = 0;
				GCC_PREPROCESSOR_DEFINITIONS = (
					"DEBUG=1",
					"$(inherited)",
				);
				GCC_SYMBOLS_PRIVATE_EXTERN = NO;
				GCC_WARN_64_TO_32_BIT_CONVERSION = YES;
				GCC_WARN_ABOUT_RETURN_TYPE = YES_ERROR;
				GCC_WARN_UNDECLARED_SELECTOR = YES;
				GCC_WARN_UNINITIALIZED_AUTOS = YES_AGGRESSIVE;
				GCC_WARN_UNUSED_FUNCTION = YES;
				GCC_WARN_UNUSED_VARIABLE = YES;
				MACOSX_DEPLOYMENT_TARGET = 10.10;
				MTL_ENABLE_DEBUG_INFO = YES;
				ONLY_ACTIVE_ARCH = YES;
				SDKROOT = macosx;
			};
			name = Debug;
		};
		29B0FBA21A7B7E2D0052B1EF /* Release */ = {
			isa = XCBuildConfiguration;
			buildSettings = {
				ALWAYS_SEARCH_USER_PATHS = NO;
				CLANG_CXX_LANGUAGE_STANDARD = "gnu++0x";
				CLANG_CXX_LIBRARY = "libc++";
				CLANG_ENABLE_MODULES = YES;
				CLANG_ENABLE_OBJC_ARC = YES;
				CLANG_WARN_BOOL_CONVERSION = YES;
				CLANG_WARN_CONSTANT_CONVERSION = YES;
				CLANG_WARN_DIRECT_OBJC_ISA_USAGE = YES_ERROR;
				CLANG_WARN_EMPTY_BODY = YES;
				CLANG_WARN_ENUM_CONVERSION = YES;
				CLANG_WARN_INT_CONVERSION = YES;
				CLANG_WARN_OBJC_ROOT_CLASS = YES_ERROR;
				CLANG_WARN_UNREACHABLE_CODE = YES;
				CLANG_WARN__DUPLICATE_METHOD_MATCH = YES;
				COPY_PHASE_STRIP = YES;
				DEBUG_INFORMATION_FORMAT = "dwarf-with-dsym";
				ENABLE_NS_ASSERTIONS = NO;
				ENABLE_STRICT_OBJC_MSGSEND = YES;
				GCC_C_LANGUAGE_STANDARD = gnu99;
				GCC_WARN_64_TO_32_BIT_CONVERSION = YES;
				GCC_WARN_ABOUT_RETURN_TYPE = YES_ERROR;
				GCC_WARN_UNDECLARED_SELECTOR = YES;
				GCC_WARN_UNINITIALIZED_AUTOS = YES_AGGRESSIVE;
				GCC_WARN_UNUSED_FUNCTION = YES;
				GCC_WARN_UNUSED_VARIABLE = YES;
				MACOSX_DEPLOYMENT_TARGET = 10.10;
				MTL_ENABLE_DEBUG_INFO = NO;
				SDKROOT = macosx;
			};
			name = Release;
		};
		29B0FBA41A7B7E2D0052B1EF /* Debug */ = {
			isa = XCBuildConfiguration;
			buildSettings = {
				PRODUCT_NAME = "$(TARGET_NAME)";
			};
			name = Debug;
		};
		29B0FBA51A7B7E2D0052B1EF /* Release */ = {
			isa = XCBuildConfiguration;
			buildSettings = {
				PRODUCT_NAME = "$(TARGET_NAME)";
			};
			name = Release;
		};
/* End XCBuildConfiguration section */

/* Begin XCConfigurationList section */
		29B0FB971A7B7E2D0052B1EF /* Build configuration list for PBXProject "TestStack" */ = {
			isa = XCConfigurationList;
			buildConfigurations = (
				29B0FBA11A7B7E2D0052B1EF /* Debug */,
				29B0FBA21A7B7E2D0052B1EF /* Release */,
			);
			defaultConfigurationIsVisible = 0;
			defaultConfigurationName = Release;
		};
		29B0FBA31A7B7E2D0052B1EF /* Build configuration list for PBXNativeTarget "TestStack" */ = {
			isa = XCConfigurationList;
			buildConfigurations = (
				29B0FBA41A7B7E2D0052B1EF /* Debug */,
				29B0FBA51A7B7E2D0052B1EF /* Release */,
			);
			defaultConfigurationIsVisible = 0;
		};
/* End XCConfigurationList section */
	};
	rootObject = 29B0FB941A7B7E2D0052B1EF /* Project object */;
}
